
Microsoft Visual Studio Solution File, Format Version 12.00
# Visual Studio Version 16
VisualStudioVersion = 16.0.29709.97
MinimumVisualStudioVersion = 10.0.40219.1
Project("{FAE04EC0-301F-11D3-BF4B-00C04F79EFBC}") = "INTS_MLNET_PROJEKT", "INTS_MLNET_PROJEKT\INTS_MLNET_PROJEKT.csproj", "{51D38DD1-337F-400E-97B3-DCD3A85FFBAD}"
EndProject
Project("{9A19103F-16F7-4668-BE54-9A1E7A4F7556}") = "INTS_MLNET_PROJEKTML.Model", "INTS_MLNET_PROJEKTML.Model\INTS_MLNET_PROJEKTML.Model.csproj", "{D7601087-7769-45E7-A05F-8F51A658E2BC}"
EndProject
Project("{9A19103F-16F7-4668-BE54-9A1E7A4F7556}") = "INTS_MLNET_PROJEKTML.ConsoleApp", "INTS_MLNET_PROJEKTML.ConsoleApp\INTS_MLNET_PROJEKTML.ConsoleApp.csproj", "{5CA8B54F-FB8E-4AC3-AC63-AC9568EDD2ED}"
EndProject
Global
	GlobalSection(SolutionConfigurationPlatforms) = preSolution
		Debug|Any CPU = Debug|Any CPU
		Release|Any CPU = Release|Any CPU
	EndGlobalSection
	GlobalSection(ProjectConfigurationPlatforms) = postSolution
		{51D38DD1-337F-400E-97B3-DCD3A85FFBAD}.Debug|Any CPU.ActiveCfg = Debug|Any CPU
		{51D38DD1-337F-400E-97B3-DCD3A85FFBAD}.Debug|Any CPU.Build.0 = Debug|Any CPU
		{51D38DD1-337F-400E-97B3-DCD3A85FFBAD}.Release|Any CPU.ActiveCfg = Release|Any CPU
		{51D38DD1-337F-400E-97B3-DCD3A85FFBAD}.Release|Any CPU.Build.0 = Release|Any CPU
		{D7601087-7769-45E7-A05F-8F51A658E2BC}.Debug|Any CPU.ActiveCfg = Debug|Any CPU
		{D7601087-7769-45E7-A05F-8F51A658E2BC}.Debug|Any CPU.Build.0 = Debug|Any CPU
		{D7601087-7769-45E7-A05F-8F51A658E2BC}.Release|Any CPU.ActiveCfg = Release|Any CPU
		{D7601087-7769-45E7-A05F-8F51A658E2BC}.Release|Any CPU.Build.0 = Release|Any CPU
		{5CA8B54F-FB8E-4AC3-AC63-AC9568EDD2ED}.Debug|Any CPU.ActiveCfg = Debug|Any CPU
		{5CA8B54F-FB8E-4AC3-AC63-AC9568EDD2ED}.Debug|Any CPU.Build.0 = Debug|Any CPU
		{5CA8B54F-FB8E-4AC3-AC63-AC9568EDD2ED}.Release|Any CPU.ActiveCfg = Release|Any CPU
		{5CA8B54F-FB8E-4AC3-AC63-AC9568EDD2ED}.Release|Any CPU.Build.0 = Release|Any CPU
	EndGlobalSection
	GlobalSection(SolutionProperties) = preSolution
		HideSolutionNode = FALSE
	EndGlobalSection
	GlobalSection(ExtensibilityGlobals) = postSolution
		SolutionGuid = {A9C80A3E-97D9-460E-9E6E-C6235CC29FC7}
	EndGlobalSection
EndGlobal
